// !$*UTF8*$!
{
	archiveVersion = 1;
	classes = {
	};
	objectVersion = 56;
	objects = {

/* Begin PBXBuildFile section */
		5285BD7829C9E74D0005CB00 /* main.swift in Sources */ = {isa = PBXBuildFile; fileRef = 5285BD7729C9E74D0005CB00 /* main.swift */; };
		5285BD7F29C9E7850005CB00 /* MusicianStruct.swift in Sources */ = {isa = PBXBuildFile; fileRef = 5285BD7E29C9E7850005CB00 /* MusicianStruct.swift */; };
		5285BD8129C9E7900005CB00 /* MusicianClass.swift in Sources */ = {isa = PBXBuildFile; fileRef = 5285BD8029C9E7900005CB00 /* MusicianClass.swift */; };
/* End PBXBuildFile section */

/* Begin PBXCopyFilesBuildPhase section */
		5285BD7229C9E74D0005CB00 /* CopyFiles */ = {
			isa = PBXCopyFilesBuildPhase;
			buildActionMask = 2147483647;
			dstPath = /usr/share/man/man1/;
			dstSubfolderSpec = 0;
			files = (
			);
			runOnlyForDeploymentPostprocessing = 1;
		};
/* End PBXCopyFilesBuildPhase section */

/* Begin PBXFileReference section */
		5285BD7429C9E74D0005CB00 /* AdvancedSwiftPractices */ = {isa = PBXFileReference; explicitFileType = "compiled.mach-o.executable"; includeInIndex = 0; path = AdvancedSwiftPractices; sourceTree = BUILT_PRODUCTS_DIR; };
		5285BD7729C9E74D0005CB00 /* main.swift */ = {isa = PBXFileReference; lastKnownFileType = sourcecode.swift; path = main.swift; sourceTree = "<group>"; };
		5285BD7E29C9E7850005CB00 /* MusicianStruct.swift */ = {isa = PBXFileReference; lastKnownFileType = sourcecode.swift; path = MusicianStruct.swift; sourceTree = "<group>"; };
		5285BD8029C9E7900005CB00 /* MusicianClass.swift */ = {isa = PBXFileReference; lastKnownFileType = sourcecode.swift; path = MusicianClass.swift; sourceTree = "<group>"; };
/* End PBXFileReference section */

/* Begin PBXFrameworksBuildPhase section */
		5285BD7129C9E74D0005CB00 /* Frameworks */ = {
			isa = PBXFrameworksBuildPhase;
			buildActionMask = 2147483647;
			files = (
			);
			runOnlyForDeploymentPostprocessing = 0;
		};
/* End PBXFrameworksBuildPhase section */

/* Begin PBXGroup section */
		5285BD6B29C9E74C0005CB00 = {
			isa = PBXGroup;
			children = (
				5285BD7629C9E74D0005CB00 /* AdvancedSwiftPractices */,
				5285BD7529C9E74D0005CB00 /* Products */,
			);
			sourceTree = "<group>";
		};
		5285BD7529C9E74D0005CB00 /* Products */ = {
			isa = PBXGroup;
			children = (
				5285BD7429C9E74D0005CB00 /* AdvancedSwiftPractices */,
			);
			name = Products;
			sourceTree = "<group>";
		};
		5285BD7629C9E74D0005CB00 /* AdvancedSwiftPractices */ = {
			isa = PBXGroup;
			children = (
				5285BD7729C9E74D0005CB00 /* main.swift */,
				5285BD7E29C9E7850005CB00 /* MusicianStruct.swift */,
				5285BD8029C9E7900005CB00 /* MusicianClass.swift */,
			);
			path = AdvancedSwiftPractices;
			sourceTree = "<group>";
		};
/* End PBXGroup section */

/* Begin PBXNativeTarget section */
		5285BD7329C9E74D0005CB00 /* AdvancedSwiftPractices */ = {
			isa = PBXNativeTarget;
			buildConfigurationList = 5285BD7B29C9E74D0005CB00 /* Build configuration list for PBXNativeTarget "AdvancedSwiftPractices" */;
			buildPhases = (
				5285BD7029C9E74D0005CB00 /* Sources */,
				5285BD7129C9E74D0005CB00 /* Frameworks */,
				5285BD7229C9E74D0005CB00 /* CopyFiles */,
			);
			buildRules = (
			);
			dependencies = (
			);
			name = AdvancedSwiftPractices;
			productName = AdvancedSwiftPractices;
			productReference = 5285BD7429C9E74D0005CB00 /* AdvancedSwiftPractices */;
			productType = "com.apple.product-type.tool";
		};
/* End PBXNativeTarget section */

/* Begin PBXProject section */
		5285BD6C29C9E74C0005CB00 /* Project object */ = {
			isa = PBXProject;
			attributes = {
				BuildIndependentTargetsInParallel = 1;
				LastSwiftUpdateCheck = 1400;
				LastUpgradeCheck = 1400;
				TargetAttributes = {
					5285BD7329C9E74D0005CB00 = {
						CreatedOnToolsVersion = 14.0;
					};
				};
			};
			buildConfigurationList = 5285BD6F29C9E74C0005CB00 /* Build configuration list for PBXProject "AdvancedSwiftPractices" */;
			compatibilityVersion = "Xcode 14.0";
			developmentRegion = en;
			hasScannedForEncodings = 0;
			knownRegions = (
				en,
				Base,
			);
			mainGroup = 5285BD6B29C9E74C0005CB00;
			productRefGroup = 5285BD7529C9E74D0005CB00 /* Products */;
			projectDirPath = "";
			projectRoot = "";
			targets = (
				5285BD7329C9E74D0005CB00 /* AdvancedSwiftPractices */,
			);
		};
/* End PBXProject section */

/* Begin PBXSourcesBuildPhase section */
		5285BD7029C9E74D0005CB00 /* Sources */ = {
			isa = PBXSourcesBuildPhase;
			buildActionMask = 2147483647;
			files = (
				5285BD7829C9E74D0005CB00 /* main.swift in Sources */,
				5285BD8129C9E7900005CB00 /* MusicianClass.swift in Sources */,
				5285BD7F29C9E7850005CB00 /* MusicianStruct.swift in Sources */,
			);
			runOnlyForDeploymentPostprocessing = 0;
		};
/* End PBXSourcesBuildPhase section */

/* Begin XCBuildConfiguration section */
		5285BD7929C9E74D0005CB00 /* Debug */ = {
			isa = XCBuildConfiguration;
			buildSettings = {
				ALWAYS_SEARCH_USER_PATHS = NO;
				CLANG_ANALYZER_NONNULL = YES;
				CLANG_ANALYZER_NUMBER_OBJECT_CONVERSION = YES_AGGRESSIVE;
				CLANG_CXX_LANGUAGE_STANDARD = "gnu++20";
				CLANG_ENABLE_MODULES = YES;
				CLANG_ENABLE_OBJC_ARC = YES;
				CLANG_ENABLE_OBJC_WEAK = YES;
				CLANG_WARN_BLOCK_CAPTURE_AUTORELEASING = YES;
				CLANG_WARN_BOOL_CONVERSION = YES;
				CLANG_WARN_COMMA = YES;
				CLANG_WARN_CONSTANT_CONVERSION = YES;
				CLANG_WARN_DEPRECATED_OBJC_IMPLEMENTATIONS = YES;
				CLANG_WARN_DIRECT_OBJC_ISA_USAGE = YES_ERROR;
				CLANG_WARN_DOCUMENTATION_COMMENTS = YES;
				CLANG_WARN_EMPTY_BODY = YES;
				CLANG_WARN_ENUM_CONVERSION = YES;
				CLANG_WARN_INFINITE_RECURSION = YES;
				CLANG_WARN_INT_CONVERSION = YES;
				CLANG_WARN_NON_LITERAL_NULL_CONVERSION = YES;
				CLANG_WARN_OBJC_IMPLICIT_RETAIN_SELF = YES;
				CLANG_WARN_OBJC_LITERAL_CONVERSION = YES;
				CLANG_WARN_OBJC_ROOT_CLASS = YES_ERROR;
				CLANG_WARN_QUOTED_INCLUDE_IN_FRAMEWORK_HEADER = YES;
				CLANG_WARN_RANGE_LOOP_ANALYSIS = YES;
				CLANG_WARN_STRICT_PROTOTYPES = YES;
				CLANG_WARN_SUSPICIOUS_MOVE = YES;
				CLANG_WARN_UNGUARDED_AVAILABILITY = YES_AGGRESSIVE;
				CLANG_WARN_UNREACHABLE_CODE = YES;
				CLANG_WARN__DUPLICATE_METHOD_MATCH = YES;
				COPY_PHASE_STRIP = NO;
				DEBUG_INFORMATION_FORMAT = dwarf;
				ENABLE_STRICT_OBJC_MSGSEND = YES;
				ENABLE_TESTABILITY = YES;
				GCC_C_LANGUAGE_STANDARD = gnu11;
				GCC_DYNAMIC_NO_PIC = NO;
				GCC_NO_COMMON_BLOCKS = YES;
				GCC_OPTIMIZATION_LEVEL = 0;
				GCC_PREPROCESSOR_DEFINITIONS = (
					"DEBUG=1",
					"$(inherited)",
				);
				GCC_WARN_64_TO_32_BIT_CONVERSION = YES;
				GCC_WARN_ABOUT_RETURN_TYPE = YES_ERROR;
				GCC_WARN_UNDECLARED_SELECTOR = YES;
				GCC_WARN_UNINITIALIZED_AUTOS = YES_AGGRESSIVE;
				GCC_WARN_UNUSED_FUNCTION = YES;
				GCC_WARN_UNUSED_VARIABLE = YES;
				MACOSX_DEPLOYMENT_TARGET = 12.3;
				MTL_ENABLE_DEBUG_INFO = INCLUDE_SOURCE;
				MTL_FAST_MATH = YES;
				ONLY_ACTIVE_ARCH = YES;
				SDKROOT = macosx;
				SWIFT_ACTIVE_COMPILATION_CONDITIONS = DEBUG;
				SWIFT_OPTIMIZATION_LEVEL = "-Onone";
			};
			name = Debug;
		};
		5285BD7A29C9E74D0005CB00 /* Release */ = {
			isa = XCBuildConfiguration;
			buildSettings = {
				ALWAYS_SEARCH_USER_PATHS = NO;
				CLANG_ANALYZER_NONNULL = YES;
				CLANG_ANALYZER_NUMBER_OBJECT_CONVERSION = YES_AGGRESSIVE;
				CLANG_CXX_LANGUAGE_STANDARD = "gnu++20";
				CLANG_ENABLE_MODULES = YES;
				CLANG_ENABLE_OBJC_ARC = YES;
				CLANG_ENABLE_OBJC_WEAK = YES;
				CLANG_WARN_BLOCK_CAPTURE_AUTORELEASING = YES;
				CLANG_WARN_BOOL_CONVERSION = YES;
				CLANG_WARN_COMMA = YES;
				CLANG_WARN_CONSTANT_CONVERSION = YES;
				CLANG_WARN_DEPRECATED_OBJC_IMPLEMENTATIONS = YES;
				CLANG_WARN_DIRECT_OBJC_ISA_USAGE = YES_ERROR;
				CLANG_WARN_DOCUMENTATION_COMMENTS = YES;
				CLANG_WARN_EMPTY_BODY = YES;
				CLANG_WARN_ENUM_CONVERSION = YES;
				CLANG_WARN_INFINITE_RECURSION = YES;
				CLANG_WARN_INT_CONVERSION = YES;
				CLANG_WARN_NON_LITERAL_NULL_CONVERSION = YES;
				CLANG_WARN_OBJC_IMPLICIT_RETAIN_SELF = YES;
				CLANG_WARN_OBJC_LITERAL_CONVERSION = YES;
				CLANG_WARN_OBJC_ROOT_CLASS = YES_ERROR;
				CLANG_WARN_QUOTED_INCLUDE_IN_FRAMEWORK_HEADER = YES;
				CLANG_WARN_RANGE_LOOP_ANALYSIS = YES;
				CLANG_WARN_STRICT_PROTOTYPES = YES;
				CLANG_WARN_SUSPICIOUS_MOVE = YES;
				CLANG_WARN_UNGUARDED_AVAILABILITY = YES_AGGRESSIVE;
				CLANG_WARN_UNREACHABLE_CODE = YES;
				CLANG_WARN__DUPLICATE_METHOD_MATCH = YES;
				COPY_PHASE_STRIP = NO;
				DEBUG_INFORMATION_FORMAT = "dwarf-with-dsym";
				ENABLE_NS_ASSERTIONS = NO;
				ENABLE_STRICT_OBJC_MSGSEND = YES;
				GCC_C_LANGUAGE_STANDARD = gnu11;
				GCC_NO_COMMON_BLOCKS = YES;
				GCC_WARN_64_TO_32_BIT_CONVERSION = YES;
				GCC_WARN_ABOUT_RETURN_TYPE = YES_ERROR;
				GCC_WARN_UNDECLARED_SELECTOR = YES;
				GCC_WARN_UNINITIALIZED_AUTOS = YES_AGGRESSIVE;
				GCC_WARN_UNUSED_FUNCTION = YES;
				GCC_WARN_UNUSED_VARIABLE = YES;
				MACOSX_DEPLOYMENT_TARGET = 12.3;
				MTL_ENABLE_DEBUG_INFO = NO;
				MTL_FAST_MATH = YES;
				SDKROOT = macosx;
				SWIFT_COMPILATION_MODE = wholemodule;
				SWIFT_OPTIMIZATION_LEVEL = "-O";
			};
			name = Release;
		};
		5285BD7C29C9E74D0005CB00 /* Debug */ = {
			isa = XCBuildConfiguration;
			buildSettings = {
				CODE_SIGN_STYLE = Automatic;
				DEVELOPMENT_TEAM = MPTU59K97X;
				ENABLE_HARDENED_RUNTIME = YES;
				PRODUCT_NAME = "$(TARGET_NAME)";
				SWIFT_VERSION = 5.0;
			};
			name = Debug;
		};
		5285BD7D29C9E74D0005CB00 /* Release */ = {
			isa = XCBuildConfiguration;
			buildSettings = {
				CODE_SIGN_STYLE = Automatic;
				DEVELOPMENT_TEAM = MPTU59K97X;
				ENABLE_HARDENED_RUNTIME = YES;
				PRODUCT_NAME = "$(TARGET_NAME)";
				SWIFT_VERSION = 5.0;
			};
			name = Release;
		};
/* End XCBuildConfiguration section */

/* Begin XCConfigurationList section */
		5285BD6F29C9E74C0005CB00 /* Build configuration list for PBXProject "AdvancedSwiftPractices" */ = {
			isa = XCConfigurationList;
			buildConfigurations = (
				5285BD7929C9E74D0005CB00 /* Debug */,
				5285BD7A29C9E74D0005CB00 /* Release */,
			);
			defaultConfigurationIsVisible = 0;
			defaultConfigurationName = Release;
		};
		5285BD7B29C9E74D0005CB00 /* Build configuration list for PBXNativeTarget "AdvancedSwiftPractices" */ = {
			isa = XCConfigurationList;
			buildConfigurations = (
				5285BD7C29C9E74D0005CB00 /* Debug */,
				5285BD7D29C9E74D0005CB00 /* Release */,
			);
			defaultConfigurationIsVisible = 0;
			defaultConfigurationName = Release;
		};
/* End XCConfigurationList section */
	};
	rootObject = 5285BD6C29C9E74C0005CB00 /* Project object */;
}
